
Microsoft Visual Studio Solution File, Format Version 12.00
# Visual Studio 15
VisualStudioVersion = 15.0.28010.2026
MinimumVisualStudioVersion = 10.0.40219.1
Project("{888888A0-9F3D-457C-B088-3A5042F75D52}") = "Excel_Website_Checker", "Excel_Website_Checker.pyproj", "{7D8FEC2E-816D-43D1-992E-D9AE07FED3A5}"
EndProject
Global
	GlobalSection(SolutionConfigurationPlatforms) = preSolution
		Debug|Any CPU = Debug|Any CPU
		Release|Any CPU = Release|Any CPU
	EndGlobalSection
	GlobalSection(ProjectConfigurationPlatforms) = postSolution
		{7D8FEC2E-816D-43D1-992E-D9AE07FED3A5}.Debug|Any CPU.ActiveCfg = Debug|Any CPU
		{7D8FEC2E-816D-43D1-992E-D9AE07FED3A5}.Release|Any CPU.ActiveCfg = Release|Any CPU
	EndGlobalSection
	GlobalSection(SolutionProperties) = preSolution
		HideSolutionNode = FALSE
	EndGlobalSection
	GlobalSection(ExtensibilityGlobals) = postSolution
		SolutionGuid = {FA4395D1-E224-49FC-A94C-B4C3247756E8}
	EndGlobalSection
EndGlobal
